
Microsoft Visual Studio Solution File, Format Version 12.00
# Visual Studio Version 17
VisualStudioVersion = 17.3.32825.248
MinimumVisualStudioVersion = 10.0.40219.1
Project("{FAE04EC0-301F-11D3-BF4B-00C04F79EFBC}") = "TestingNet6EFCore6", "TestingNet6EFCore6\TestingNet6EFCore6.csproj", "{E135EB20-E9FD-4AE4-9831-53A12CB5DF43}"
EndProject
Global
	GlobalSection(SolutionConfigurationPlatforms) = preSolution
		Debug|Any CPU = Debug|Any CPU
		Release|Any CPU = Release|Any CPU
	EndGlobalSection
	GlobalSection(ProjectConfigurationPlatforms) = postSolution
		{E135EB20-E9FD-4AE4-9831-53A12CB5DF43}.Debug|Any CPU.ActiveCfg = Debug|Any CPU
		{E135EB20-E9FD-4AE4-9831-53A12CB5DF43}.Debug|Any CPU.Build.0 = Debug|Any CPU
		{E135EB20-E9FD-4AE4-9831-53A12CB5DF43}.Release|Any CPU.ActiveCfg = Release|Any CPU
		{E135EB20-E9FD-4AE4-9831-53A12CB5DF43}.Release|Any CPU.Build.0 = Release|Any CPU
	EndGlobalSection
	GlobalSection(SolutionProperties) = preSolution
		HideSolutionNode = FALSE
	EndGlobalSection
	GlobalSection(ExtensibilityGlobals) = postSolution
		SolutionGuid = {F596ED2C-B3FF-4D78-BCA8-56C42D05607F}
	EndGlobalSection
EndGlobal
